Microsoft Visual Studio Solution File, Format Version 12.00
# Visual Studio 2013
VisualStudioVersion = 12.0.30723.0
MinimumVisualStudioVersion = 10.0.40219.1
Project("{FAE04EC0-301F-11D3-BF4B-00C04F79EFBC}") = "Rx.NET.Sample.XamarinForms", "Rx.NET.Sample.XamarinForms\Rx.NET.Sample.XamarinForms\Rx.NET.Sample.XamarinForms.csproj", "{BD4529D4-7666-437F-905B-FC88B0A3DCDB}"
EndProject
Project("{FAE04EC0-301F-11D3-BF4B-00C04F79EFBC}") = "Rx.NET.Sample.XamarinForms.iOS", "Rx.NET.Sample.XamarinForms\Rx.NET.Sample.XamarinForms.iOS\Rx.NET.Sample.XamarinForms.iOS.csproj", "{DA06E9F6-F3C2-4200-8E83-FC6ECA27AB72}"
EndProject
Project("{FAE04EC0-301F-11D3-BF4B-00C04F79EFBC}") = "Rx.NET.Sample.XamarinForms.Android", "Rx.NET.Sample.XamarinForms\Rx.NET.Sample.XamarinForms.Android\Rx.NET.Sample.XamarinForms.Android.csproj", "{44814DF3-47E7-42CE-B755-3379013F85DE}"
EndProject
Project("{FAE04EC0-301F-11D3-BF4B-00C04F79EFBC}") = "Rx.NET.Sample.XamarinForms.WinPhone", "Rx.NET.Sample.XamarinForms\Rx.NET.Sample.XamarinForms.WinPhone\Rx.NET.Sample.XamarinForms.WinPhone.csproj", "{30A44FE1-2D60-477F-9420-D96662194F15}"
EndProject
Global
	GlobalSection(SolutionConfigurationPlatforms) = preSolution
		Ad-Hoc|Any CPU = Ad-Hoc|Any CPU
		Ad-Hoc|ARM = Ad-Hoc|ARM
		Ad-Hoc|iPhone = Ad-Hoc|iPhone
		Ad-Hoc|iPhoneSimulator = Ad-Hoc|iPhoneSimulator
		Ad-Hoc|Mixed Platforms = Ad-Hoc|Mixed Platforms
		Ad-Hoc|x86 = Ad-Hoc|x86
		AppStore|Any CPU = AppStore|Any CPU
		AppStore|ARM = AppStore|ARM
		AppStore|iPhone = AppStore|iPhone
		AppStore|iPhoneSimulator = AppStore|iPhoneSimulator
		AppStore|Mixed Platforms = AppStore|Mixed Platforms
		AppStore|x86 = AppStore|x86
		Debug|Any CPU = Debug|Any CPU
		Debug|ARM = Debug|ARM
		Debug|iPhone = Debug|iPhone
		Debug|iPhoneSimulator = Debug|iPhoneSimulator
		Debug|Mixed Platforms = Debug|Mixed Platforms
		Debug|x86 = Debug|x86
		Release|Any CPU = Release|Any CPU
		Release|ARM = Release|ARM
		Release|iPhone = Release|iPhone
		Release|iPhoneSimulator = Release|iPhoneSimulator
		Release|Mixed Platforms = Release|Mixed Platforms
		Release|x86 = Release|x86
	EndGlobalSection
	GlobalSection(ProjectConfigurationPlatforms) = postSolution
		{BD4529D4-7666-437F-905B-FC88B0A3DCDB}.Ad-Hoc|Any CPU.ActiveCfg = Release|Any CPU
		{BD4529D4-7666-437F-905B-FC88B0A3DCDB}.Ad-Hoc|Any CPU.Build.0 = Release|Any CPU
		{BD4529D4-7666-437F-905B-FC88B0A3DCDB}.Ad-Hoc|ARM.ActiveCfg = Release|Any CPU
		{BD4529D4-7666-437F-905B-FC88B0A3DCDB}.Ad-Hoc|iPhone.ActiveCfg = Release|Any CPU
		{BD4529D4-7666-437F-905B-FC88B0A3DCDB}.Ad-Hoc|iPhoneSimulator.ActiveCfg = Release|Any CPU
		{BD4529D4-7666-437F-905B-FC88B0A3DCDB}.Ad-Hoc|Mixed Platforms.ActiveCfg = Release|Any CPU
		{BD4529D4-7666-437F-905B-FC88B0A3DCDB}.Ad-Hoc|Mixed Platforms.Build.0 = Release|Any CPU
		{BD4529D4-7666-437F-905B-FC88B0A3DCDB}.Ad-Hoc|x86.ActiveCfg = Release|Any CPU
		{BD4529D4-7666-437F-905B-FC88B0A3DCDB}.AppStore|Any CPU.ActiveCfg = Release|Any CPU
		{BD4529D4-7666-437F-905B-FC88B0A3DCDB}.AppStore|Any CPU.Build.0 = Release|Any CPU
		{BD4529D4-7666-437F-905B-FC88B0A3DCDB}.AppStore|ARM.ActiveCfg = Release|Any CPU
		{BD4529D4-7666-437F-905B-FC88B0A3DCDB}.AppStore|iPhone.ActiveCfg = Release|Any CPU
		{BD4529D4-7666-437F-905B-FC88B0A3DCDB}.AppStore|iPhoneSimulator.ActiveCfg = Release|Any CPU
		{BD4529D4-7666-437F-905B-FC88B0A3DCDB}.AppStore|Mixed Platforms.ActiveCfg = Release|Any CPU
		{BD4529D4-7666-437F-905B-FC88B0A3DCDB}.AppStore|Mixed Platforms.Build.0 = Release|Any CPU
		{BD4529D4-7666-437F-905B-FC88B0A3DCDB}.AppStore|x86.ActiveCfg = Release|Any CPU
		{BD4529D4-7666-437F-905B-FC88B0A3DCDB}.Debug|Any CPU.ActiveCfg = Debug|Any CPU
		{BD4529D4-7666-437F-905B-FC88B0A3DCDB}.Debug|Any CPU.Build.0 = Debug|Any CPU
		{BD4529D4-7666-437F-905B-FC88B0A3DCDB}.Debug|ARM.ActiveCfg = Debug|Any CPU
		{BD4529D4-7666-437F-905B-FC88B0A3DCDB}.Debug|iPhone.ActiveCfg = Debug|Any CPU
		{BD4529D4-7666-437F-905B-FC88B0A3DCDB}.Debug|iPhoneSimulator.ActiveCfg = Debug|Any CPU
		{BD4529D4-7666-437F-905B-FC88B0A3DCDB}.Debug|Mixed Platforms.ActiveCfg = Debug|Any CPU
		{BD4529D4-7666-437F-905B-FC88B0A3DCDB}.Debug|Mixed Platforms.Build.0 = Debug|Any CPU
		{BD4529D4-7666-437F-905B-FC88B0A3DCDB}.Debug|x86.ActiveCfg = Debug|Any CPU
		{BD4529D4-7666-437F-905B-FC88B0A3DCDB}.Release|Any CPU.ActiveCfg = Release|Any CPU
		{BD4529D4-7666-437F-905B-FC88B0A3DCDB}.Release|Any CPU.Build.0 = Release|Any CPU
		{BD4529D4-7666-437F-905B-FC88B0A3DCDB}.Release|ARM.ActiveCfg = Release|Any CPU
		{BD4529D4-7666-437F-905B-FC88B0A3DCDB}.Release|iPhone.ActiveCfg = Release|Any CPU
		{BD4529D4-7666-437F-905B-FC88B0A3DCDB}.Release|iPhoneSimulator.ActiveCfg = Release|Any CPU
		{BD4529D4-7666-437F-905B-FC88B0A3DCDB}.Release|Mixed Platforms.ActiveCfg = Release|Any CPU
		{BD4529D4-7666-437F-905B-FC88B0A3DCDB}.Release|Mixed Platforms.Build.0 = Release|Any CPU
		{BD4529D4-7666-437F-905B-FC88B0A3DCDB}.Release|x86.ActiveCfg = Release|Any CPU
		{DA06E9F6-F3C2-4200-8E83-FC6ECA27AB72}.Ad-Hoc|Any CPU.ActiveCfg = Ad-Hoc|iPhone
		{DA06E9F6-F3C2-4200-8E83-FC6ECA27AB72}.Ad-Hoc|ARM.ActiveCfg = Ad-Hoc|iPhone
		{DA06E9F6-F3C2-4200-8E83-FC6ECA27AB72}.Ad-Hoc|iPhone.ActiveCfg = Ad-Hoc|iPhone
		{DA06E9F6-F3C2-4200-8E83-FC6ECA27AB72}.Ad-Hoc|iPhone.Build.0 = Ad-Hoc|iPhone
		{DA06E9F6-F3C2-4200-8E83-FC6ECA27AB72}.Ad-Hoc|iPhoneSimulator.ActiveCfg = Ad-Hoc|iPhoneSimulator
		{DA06E9F6-F3C2-4200-8E83-FC6ECA27AB72}.Ad-Hoc|iPhoneSimulator.Build.0 = Ad-Hoc|iPhoneSimulator
		{DA06E9F6-F3C2-4200-8E83-FC6ECA27AB72}.Ad-Hoc|Mixed Platforms.ActiveCfg = Ad-Hoc|iPhone
		{DA06E9F6-F3C2-4200-8E83-FC6ECA27AB72}.Ad-Hoc|Mixed Platforms.Build.0 = Ad-Hoc|iPhone
		{DA06E9F6-F3C2-4200-8E83-FC6ECA27AB72}.Ad-Hoc|x86.ActiveCfg = Ad-Hoc|iPhone
		{DA06E9F6-F3C2-4200-8E83-FC6ECA27AB72}.AppStore|Any CPU.ActiveCfg = AppStore|iPhone
		{DA06E9F6-F3C2-4200-8E83-FC6ECA27AB72}.AppStore|ARM.ActiveCfg = AppStore|iPhone
		{DA06E9F6-F3C2-4200-8E83-FC6ECA27AB72}.AppStore|iPhone.ActiveCfg = AppStore|iPhone
		{DA06E9F6-F3C2-4200-8E83-FC6ECA27AB72}.AppStore|iPhone.Build.0 = AppStore|iPhone
		{DA06E9F6-F3C2-4200-8E83-FC6ECA27AB72}.AppStore|iPhoneSimulator.ActiveCfg = AppStore|iPhoneSimulator
		{DA06E9F6-F3C2-4200-8E83-FC6ECA27AB72}.AppStore|iPhoneSimulator.Build.0 = AppStore|iPhoneSimulator
		{DA06E9F6-F3C2-4200-8E83-FC6ECA27AB72}.AppStore|Mixed Platforms.ActiveCfg = AppStore|iPhone
		{DA06E9F6-F3C2-4200-8E83-FC6ECA27AB72}.AppStore|Mixed Platforms.Build.0 = AppStore|iPhone
		{DA06E9F6-F3C2-4200-8E83-FC6ECA27AB72}.AppStore|x86.ActiveCfg = AppStore|iPhone
		{DA06E9F6-F3C2-4200-8E83-FC6ECA27AB72}.Debug|Any CPU.ActiveCfg = Debug|iPhone
		{DA06E9F6-F3C2-4200-8E83-FC6ECA27AB72}.Debug|ARM.ActiveCfg = Debug|iPhone
		{DA06E9F6-F3C2-4200-8E83-FC6ECA27AB72}.Debug|iPhone.ActiveCfg = Debug|iPhone
		{DA06E9F6-F3C2-4200-8E83-FC6ECA27AB72}.Debug|iPhone.Build.0 = Debug|iPhone
		{DA06E9F6-F3C2-4200-8E83-FC6ECA27AB72}.Debug|iPhoneSimulator.ActiveCfg = Debug|iPhoneSimulator
		{DA06E9F6-F3C2-4200-8E83-FC6ECA27AB72}.Debug|iPhoneSimulator.Build.0 = Debug|iPhoneSimulator
		{DA06E9F6-F3C2-4200-8E83-FC6ECA27AB72}.Debug|Mixed Platforms.ActiveCfg = Debug|iPhone
		{DA06E9F6-F3C2-4200-8E83-FC6ECA27AB72}.Debug|Mixed Platforms.Build.0 = Debug|iPhone
		{DA06E9F6-F3C2-4200-8E83-FC6ECA27AB72}.Debug|x86.ActiveCfg = Debug|iPhone
		{DA06E9F6-F3C2-4200-8E83-FC6ECA27AB72}.Release|Any CPU.ActiveCfg = Release|iPhone
		{DA06E9F6-F3C2-4200-8E83-FC6ECA27AB72}.Release|ARM.ActiveCfg = Release|iPhone
		{DA06E9F6-F3C2-4200-8E83-FC6ECA27AB72}.Release|iPhone.ActiveCfg = Release|iPhone
		{DA06E9F6-F3C2-4200-8E83-FC6ECA27AB72}.Release|iPhone.Build.0 = Release|iPhone
		{DA06E9F6-F3C2-4200-8E83-FC6ECA27AB72}.Release|iPhoneSimulator.ActiveCfg = Release|iPhoneSimulator
		{DA06E9F6-F3C2-4200-8E83-FC6ECA27AB72}.Release|iPhoneSimulator.Build.0 = Release|iPhoneSimulator
		{DA06E9F6-F3C2-4200-8E83-FC6ECA27AB72}.Release|Mixed Platforms.ActiveCfg = Release|iPhone
		{DA06E9F6-F3C2-4200-8E83-FC6ECA27AB72}.Release|Mixed Platforms.Build.0 = Release|iPhone
		{DA06E9F6-F3C2-4200-8E83-FC6ECA27AB72}.Release|x86.ActiveCfg = Release|iPhone
		{44814DF3-47E7-42CE-B755-3379013F85DE}.Ad-Hoc|Any CPU.ActiveCfg = Release|Any CPU
		{44814DF3-47E7-42CE-B755-3379013F85DE}.Ad-Hoc|Any CPU.Build.0 = Release|Any CPU
		{44814DF3-47E7-42CE-B755-3379013F85DE}.Ad-Hoc|Any CPU.Deploy.0 = Release|Any CPU
		{44814DF3-47E7-42CE-B755-3379013F85DE}.Ad-Hoc|ARM.ActiveCfg = Release|Any CPU
		{44814DF3-47E7-42CE-B755-3379013F85DE}.Ad-Hoc|iPhone.ActiveCfg = Release|Any CPU
		{44814DF3-47E7-42CE-B755-3379013F85DE}.Ad-Hoc|iPhoneSimulator.ActiveCfg = Release|Any CPU
		{44814DF3-47E7-42CE-B755-3379013F85DE}.Ad-Hoc|Mixed Platforms.ActiveCfg = Release|Any CPU
		{44814DF3-47E7-42CE-B755-3379013F85DE}.Ad-Hoc|Mixed Platforms.Build.0 = Release|Any CPU
		{44814DF3-47E7-42CE-B755-3379013F85DE}.Ad-Hoc|Mixed Platforms.Deploy.0 = Release|Any CPU
		{44814DF3-47E7-42CE-B755-3379013F85DE}.Ad-Hoc|x86.ActiveCfg = Release|Any CPU
		{44814DF3-47E7-42CE-B755-3379013F85DE}.AppStore|Any CPU.ActiveCfg = Release|Any CPU
		{44814DF3-47E7-42CE-B755-3379013F85DE}.AppStore|Any CPU.Build.0 = Release|Any CPU
		{44814DF3-47E7-42CE-B755-3379013F85DE}.AppStore|Any CPU.Deploy.0 = Release|Any CPU
		{44814DF3-47E7-42CE-B755-3379013F85DE}.AppStore|ARM.ActiveCfg = Release|Any CPU
		{44814DF3-47E7-42CE-B755-3379013F85DE}.AppStore|iPhone.ActiveCfg = Release|Any CPU
		{44814DF3-47E7-42CE-B755-3379013F85DE}.AppStore|iPhoneSimulator.ActiveCfg = Release|Any CPU
		{44814DF3-47E7-42CE-B755-3379013F85DE}.AppStore|Mixed Platforms.ActiveCfg = Release|Any CPU
		{44814DF3-47E7-42CE-B755-3379013F85DE}.AppStore|Mixed Platforms.Build.0 = Release|Any CPU
		{44814DF3-47E7-42CE-B755-3379013F85DE}.AppStore|Mixed Platforms.Deploy.0 = Release|Any CPU
		{44814DF3-47E7-42CE-B755-3379013F85DE}.AppStore|x86.ActiveCfg = Release|Any CPU
		{44814DF3-47E7-42CE-B755-3379013F85DE}.Debug|Any CPU.ActiveCfg = Debug|Any CPU
		{44814DF3-47E7-42CE-B755-3379013F85DE}.Debug|Any CPU.Build.0 = Debug|Any CPU
		{44814DF3-47E7-42CE-B755-3379013F85DE}.Debug|Any CPU.Deploy.0 = Debug|Any CPU
		{44814DF3-47E7-42CE-B755-3379013F85DE}.Debug|ARM.ActiveCfg = Debug|Any CPU
		{44814DF3-47E7-42CE-B755-3379013F85DE}.Debug|iPhone.ActiveCfg = Debug|Any CPU
		{44814DF3-47E7-42CE-B755-3379013F85DE}.Debug|iPhoneSimulator.ActiveCfg = Debug|Any CPU
		{44814DF3-47E7-42CE-B755-3379013F85DE}.Debug|Mixed Platforms.ActiveCfg = Debug|Any CPU
		{44814DF3-47E7-42CE-B755-3379013F85DE}.Debug|Mixed Platforms.Build.0 = Debug|Any CPU
		{44814DF3-47E7-42CE-B755-3379013F85DE}.Debug|Mixed Platforms.Deploy.0 = Debug|Any CPU
		{44814DF3-47E7-42CE-B755-3379013F85DE}.Debug|x86.ActiveCfg = Debug|Any CPU
		{44814DF3-47E7-42CE-B755-3379013F85DE}.Release|Any CPU.ActiveCfg = Release|Any CPU
		{44814DF3-47E7-42CE-B755-3379013F85DE}.Release|Any CPU.Build.0 = Release|Any CPU
		{44814DF3-47E7-42CE-B755-3379013F85DE}.Release|Any CPU.Deploy.0 = Release|Any CPU
		{44814DF3-47E7-42CE-B755-3379013F85DE}.Release|ARM.ActiveCfg = Release|Any CPU
		{44814DF3-47E7-42CE-B755-3379013F85DE}.Release|iPhone.ActiveCfg = Release|Any CPU
		{44814DF3-47E7-42CE-B755-3379013F85DE}.Release|iPhoneSimulator.ActiveCfg = Release|Any CPU
		{44814DF3-47E7-42CE-B755-3379013F85DE}.Release|Mixed Platforms.ActiveCfg = Release|Any CPU
		{44814DF3-47E7-42CE-B755-3379013F85DE}.Release|Mixed Platforms.Build.0 = Release|Any CPU
		{44814DF3-47E7-42CE-B755-3379013F85DE}.Release|Mixed Platforms.Deploy.0 = Release|Any CPU
		{44814DF3-47E7-42CE-B755-3379013F85DE}.Release|x86.ActiveCfg = Release|Any CPU
		{30A44FE1-2D60-477F-9420-D96662194F15}.Ad-Hoc|Any CPU.ActiveCfg = Release|Any CPU
		{30A44FE1-2D60-477F-9420-D96662194F15}.Ad-Hoc|Any CPU.Build.0 = Release|Any CPU
		{30A44FE1-2D60-477F-9420-D96662194F15}.Ad-Hoc|Any CPU.Deploy.0 = Release|Any CPU
		{30A44FE1-2D60-477F-9420-D96662194F15}.Ad-Hoc|ARM.ActiveCfg = Release|ARM
		{30A44FE1-2D60-477F-9420-D96662194F15}.Ad-Hoc|ARM.Build.0 = Release|ARM
		{30A44FE1-2D60-477F-9420-D96662194F15}.Ad-Hoc|ARM.Deploy.0 = Release|ARM
		{30A44FE1-2D60-477F-9420-D96662194F15}.Ad-Hoc|iPhone.ActiveCfg = Release|Any CPU
		{30A44FE1-2D60-477F-9420-D96662194F15}.Ad-Hoc|iPhoneSimulator.ActiveCfg = Release|Any CPU
		{30A44FE1-2D60-477F-9420-D96662194F15}.Ad-Hoc|Mixed Platforms.ActiveCfg = Release|x86
		{30A44FE1-2D60-477F-9420-D96662194F15}.Ad-Hoc|Mixed Platforms.Build.0 = Release|x86
		{30A44FE1-2D60-477F-9420-D96662194F15}.Ad-Hoc|Mixed Platforms.Deploy.0 = Release|x86
		{30A44FE1-2D60-477F-9420-D96662194F15}.Ad-Hoc|x86.ActiveCfg = Release|x86
		{30A44FE1-2D60-477F-9420-D96662194F15}.Ad-Hoc|x86.Build.0 = Release|x86
		{30A44FE1-2D60-477F-9420-D96662194F15}.Ad-Hoc|x86.Deploy.0 = Release|x86
		{30A44FE1-2D60-477F-9420-D96662194F15}.AppStore|Any CPU.ActiveCfg = Release|Any CPU
		{30A44FE1-2D60-477F-9420-D96662194F15}.AppStore|Any CPU.Build.0 = Release|Any CPU
		{30A44FE1-2D60-477F-9420-D96662194F15}.AppStore|Any CPU.Deploy.0 = Release|Any CPU
		{30A44FE1-2D60-477F-9420-D96662194F15}.AppStore|ARM.ActiveCfg = Release|ARM
		{30A44FE1-2D60-477F-9420-D96662194F15}.AppStore|ARM.Build.0 = Release|ARM
		{30A44FE1-2D60-477F-9420-D96662194F15}.AppStore|ARM.Deploy.0 = Release|ARM
		{30A44FE1-2D60-477F-9420-D96662194F15}.AppStore|iPhone.ActiveCfg = Release|Any CPU
		{30A44FE1-2D60-477F-9420-D96662194F15}.AppStore|iPhoneSimulator.ActiveCfg = Release|Any CPU
		{30A44FE1-2D60-477F-9420-D96662194F15}.AppStore|Mixed Platforms.ActiveCfg = Release|x86
		{30A44FE1-2D60-477F-9420-D96662194F15}.AppStore|Mixed Platforms.Build.0 = Release|x86
		{30A44FE1-2D60-477F-9420-D96662194F15}.AppStore|Mixed Platforms.Deploy.0 = Release|x86
		{30A44FE1-2D60-477F-9420-D96662194F15}.AppStore|x86.ActiveCfg = Release|x86
		{30A44FE1-2D60-477F-9420-D96662194F15}.AppStore|x86.Build.0 = Release|x86
		{30A44FE1-2D60-477F-9420-D96662194F15}.AppStore|x86.Deploy.0 = Release|x86
		{30A44FE1-2D60-477F-9420-D96662194F15}.Debug|Any CPU.ActiveCfg = Debug|Any CPU
		{30A44FE1-2D60-477F-9420-D96662194F15}.Debug|Any CPU.Build.0 = Debug|Any CPU
		{30A44FE1-2D60-477F-9420-D96662194F15}.Debug|Any CPU.Deploy.0 = Debug|Any CPU
		{30A44FE1-2D60-477F-9420-D96662194F15}.Debug|ARM.ActiveCfg = Debug|ARM
		{30A44FE1-2D60-477F-9420-D96662194F15}.Debug|ARM.Build.0 = Debug|ARM
		{30A44FE1-2D60-477F-9420-D96662194F15}.Debug|ARM.Deploy.0 = Debug|ARM
		{30A44FE1-2D60-477F-9420-D96662194F15}.Debug|iPhone.ActiveCfg = Debug|Any CPU
		{30A44FE1-2D60-477F-9420-D96662194F15}.Debug|iPhoneSimulator.ActiveCfg = Debug|Any CPU
		{30A44FE1-2D60-477F-9420-D96662194F15}.Debug|Mixed Platforms.ActiveCfg = Debug|x86
		{30A44FE1-2D60-477F-9420-D96662194F15}.Debug|Mixed Platforms.Build.0 = Debug|x86
		{30A44FE1-2D60-477F-9420-D96662194F15}.Debug|Mixed Platforms.Deploy.0 = Debug|x86
		{30A44FE1-2D60-477F-9420-D96662194F15}.Debug|x86.ActiveCfg = Debug|x86
		{30A44FE1-2D60-477F-9420-D96662194F15}.Debug|x86.Build.0 = Debug|x86
		{30A44FE1-2D60-477F-9420-D96662194F15}.Debug|x86.Deploy.0 = Debug|x86
		{30A44FE1-2D60-477F-9420-D96662194F15}.Release|Any CPU.ActiveCfg = Release|Any CPU
		{30A44FE1-2D60-477F-9420-D96662194F15}.Release|Any CPU.Build.0 = Release|Any CPU
		{30A44FE1-2D60-477F-9420-D96662194F15}.Release|Any CPU.Deploy.0 = Release|Any CPU
		{30A44FE1-2D60-477F-9420-D96662194F15}.Release|ARM.ActiveCfg = Release|ARM
		{30A44FE1-2D60-477F-9420-D96662194F15}.Release|ARM.Build.0 = Release|ARM
		{30A44FE1-2D60-477F-9420-D96662194F15}.Release|ARM.Deploy.0 = Release|ARM
		{30A44FE1-2D60-477F-9420-D96662194F15}.Release|iPhone.ActiveCfg = Release|Any CPU
		{30A44FE1-2D60-477F-9420-D96662194F15}.Release|iPhoneSimulator.ActiveCfg = Release|Any CPU
		{30A44FE1-2D60-477F-9420-D96662194F15}.Release|Mixed Platforms.ActiveCfg = Release|x86
		{30A44FE1-2D60-477F-9420-D96662194F15}.Release|Mixed Platforms.Build.0 = Release|x86
		{30A44FE1-2D60-477F-9420-D96662194F15}.Release|Mixed Platforms.Deploy.0 = Release|x86
		{30A44FE1-2D60-477F-9420-D96662194F15}.Release|x86.ActiveCfg = Release|x86
		{30A44FE1-2D60-477F-9420-D96662194F15}.Release|x86.Build.0 = Release|x86
		{30A44FE1-2D60-477F-9420-D96662194F15}.Release|x86.Deploy.0 = Release|x86
	EndGlobalSection
	GlobalSection(SolutionProperties) = preSolution
		HideSolutionNode = FALSE
	EndGlobalSection
EndGlobal
